<Solution>
  <Folder Name="/Solution Items/">
    <File Path=".editorconfig" />
    <File Path="Directory.Build.props" />
    <File Path="Directory.packages.props" />
  </Folder>
  <Project Path="OMS.API/OMS.API.csproj" />
  <Project Path="OMS.Application/OMS.Application.csproj" />
  <Project Path="OMS.Domain/OMS.Domain.csproj" />
  <Project Path="OMS.Infrastructure/OMS.Infrastructure.csproj" />
</Solution>
